<?xml version="1.0" encoding="utf-8"?>
<Project ToolsVersion="4.0" xmlns="http://schemas.microsoft.com/developer/msbuild/2003">
  <ItemGroup>
    <Filter Include="Source Files">
      <UniqueIdentifier>{4FC737F1-C7A5-4376-A066-2A32D752A2FF}</UniqueIdentifier>
      <Extensions>cpp;c;cc;cxx;c++;cppm;ixx;def;odl;idl;hpj;bat;asm;asmx</Extensions>
    </Filter>
    <Filter Include="Header Files">
      <UniqueIdentifier>{93995380-89BD-4b04-88EB-625FBE52EBFB}</UniqueIdentifier>
      <Extensions>h;hh;hpp;hxx;h++;hm;inl;inc;ipp;xsd</Extensions>
    </Filter>
    <Filter Include="Resource Files">
      <UniqueIdentifier>{67DA6AB6-F800-4c08-8B7A-83BB121AAD01}</UniqueIdentifier>
      <Extensions>rc;ico;cur;bmp;dlg;rc2;rct;bin;rgs;gif;jpg;jpeg;jpe;resx;tiff;tif;png;wav;mfcribbon-ms</Extensions>
    </Filter>
  </ItemGroup>
  <ItemGroup>
    <ClCompile Include="cli\Pattern16.cpp">
      <Filter>Source Files</Filter>
    </ClCompile>
  </ItemGroup>
  <ItemGroup>
    <ClInclude Include="include\pfreq.inl">
      <Filter>Header Files</Filter>
    </ClInclude>
    <ClInclude Include="include\Pattern16.h">
      <Filter>Header Files</Filter>
    </ClInclude>
    <ClInclude Include="include\util.h">
      <Filter>Header Files</Filter>
    </ClInclude>
    <ClInclude Include="include\scanners\base.h">
      <Filter>Header Files</Filter>
    </ClInclude>
    <ClInclude Include="include\pfreq.h">
      <Filter>Header Files</Filter>
    </ClInclude>
    <ClInclude Include="include\scanners\x64\x64.h">
      <Filter>Header Files</Filter>
    </ClInclude>
    <ClInclude Include="include\scanners\x64\SSE.h">
      <Filter>Header Files</Filter>
    </ClInclude>
    <ClInclude Include="include\scanners\x64\AVX.h">
      <Filter>Header Files</Filter>
    </ClInclude>
    <ClInclude Include="cli\include\PE.h">
      <Filter>Header Files</Filter>
    </ClInclude>
    <ClInclude Include="cli\include\clfile.h">
      <Filter>Header Files</Filter>
    </ClInclude>
    <ClInclude Include="cli\include\scan.h">
      <Filter>Header Files</Filter>
    </ClInclude>
    <ClInclude Include="cli\include\memscan.h">
      <Filter>Header Files</Filter>
    </ClInclude>
  </ItemGroup>
</Project>